
Microsoft Visual Studio Solution File, Format Version 12.00
# Visual Studio Version 16
VisualStudioVersion = 16.0.32602.291
MinimumVisualStudioVersion = 10.0.40219.1
Project("{FAE04EC0-301F-11D3-BF4B-00C04F79EFBC}") = "ESRM.Win", "ESRM.Win\ESRM.Win.csproj", "{EA25E628-AB8E-4DDE-99E1-7D49F0B308EF}"
EndProject
Project("{FAE04EC0-301F-11D3-BF4B-00C04F79EFBC}") = "ESRM.SerialPortLib", "ESRM.SerialPort\ESRM.SerialPortLib.csproj", "{B3B5B2B8-1649-4776-8024-F5F10C14E791}"
EndProject
Project("{FAE04EC0-301F-11D3-BF4B-00C04F79EFBC}") = "ESRM.LicenceGenerator", "ESRM.LicenceGenerator\ESRM.LicenceGenerator.csproj", "{45D52764-5C45-4A81-8387-1378C30DE1A2}"
EndProject
Project("{FAE04EC0-301F-11D3-BF4B-00C04F79EFBC}") = "ESRM.HWInterfaces", "ESRM.HWInterfaces\ESRM.HWInterfaces.csproj", "{72F6D099-1C1B-40F7-BEE2-FBB272D19D65}"
EndProject
Project("{FAE04EC0-301F-11D3-BF4B-00C04F79EFBC}") = "ESRM.Test", "ESRM.Test\ESRM.Test.csproj", "{340D26A3-5094-42F4-8B28-24D4CA5C03D2}"
EndProject
Project("{FAE04EC0-301F-11D3-BF4B-00C04F79EFBC}") = "ESRM.GamePad", "ESRM.GamePad\ESRM.GamePad.csproj", "{2A39F946-CC69-4082-A564-3400EF841E9D}"
EndProject
Project("{FAE04EC0-301F-11D3-BF4B-00C04F79EFBC}") = "ESRM.GamePadV2", "ESRM.GamePadV2\ESRM.GamePadV2.csproj", "{172EE3A5-3456-4CB0-B8E2-5F6E76B4806A}"
EndProject
Project("{FAE04EC0-301F-11D3-BF4B-00C04F79EFBC}") = "ESRM.Entities2", "ESRM.Entities2\ESRM.Entities2.csproj", "{D8A08827-078A-4416-8EE0-AB984611CEB3}"
EndProject
Global
	GlobalSection(SolutionConfigurationPlatforms) = preSolution
		Debug .NET 4|Any CPU = Debug .NET 4|Any CPU
		Debug .NET 4|ARM = Debug .NET 4|ARM
		Debug .NET 4|Mixed Platforms = Debug .NET 4|Mixed Platforms
		Debug .NET 4|x64 = Debug .NET 4|x64
		Debug .NET 4|x86 = Debug .NET 4|x86
		Debug|Any CPU = Debug|Any CPU
		Debug|ARM = Debug|ARM
		Debug|Mixed Platforms = Debug|Mixed Platforms
		Debug|x64 = Debug|x64
		Debug|x86 = Debug|x86
		Release .NET 4|Any CPU = Release .NET 4|Any CPU
		Release .NET 4|ARM = Release .NET 4|ARM
		Release .NET 4|Mixed Platforms = Release .NET 4|Mixed Platforms
		Release .NET 4|x64 = Release .NET 4|x64
		Release .NET 4|x86 = Release .NET 4|x86
		Release|Any CPU = Release|Any CPU
		Release|ARM = Release|ARM
		Release|Mixed Platforms = Release|Mixed Platforms
		Release|x64 = Release|x64
		Release|x86 = Release|x86
	EndGlobalSection
	GlobalSection(ProjectConfigurationPlatforms) = postSolution
		{EA25E628-AB8E-4DDE-99E1-7D49F0B308EF}.Debug .NET 4|Any CPU.ActiveCfg = Debug|Any CPU
		{EA25E628-AB8E-4DDE-99E1-7D49F0B308EF}.Debug .NET 4|Any CPU.Build.0 = Debug|Any CPU
		{EA25E628-AB8E-4DDE-99E1-7D49F0B308EF}.Debug .NET 4|ARM.ActiveCfg = Debug|Any CPU
		{EA25E628-AB8E-4DDE-99E1-7D49F0B308EF}.Debug .NET 4|ARM.Build.0 = Debug|Any CPU
		{EA25E628-AB8E-4DDE-99E1-7D49F0B308EF}.Debug .NET 4|Mixed Platforms.ActiveCfg = Debug|x86
		{EA25E628-AB8E-4DDE-99E1-7D49F0B308EF}.Debug .NET 4|Mixed Platforms.Build.0 = Debug|x86
		{EA25E628-AB8E-4DDE-99E1-7D49F0B308EF}.Debug .NET 4|x64.ActiveCfg = Debug|x64
		{EA25E628-AB8E-4DDE-99E1-7D49F0B308EF}.Debug .NET 4|x64.Build.0 = Debug|x64
		{EA25E628-AB8E-4DDE-99E1-7D49F0B308EF}.Debug .NET 4|x86.ActiveCfg = Debug|x86
		{EA25E628-AB8E-4DDE-99E1-7D49F0B308EF}.Debug .NET 4|x86.Build.0 = Debug|x86
		{EA25E628-AB8E-4DDE-99E1-7D49F0B308EF}.Debug|Any CPU.ActiveCfg = Debug|Any CPU
		{EA25E628-AB8E-4DDE-99E1-7D49F0B308EF}.Debug|Any CPU.Build.0 = Debug|Any CPU
		{EA25E628-AB8E-4DDE-99E1-7D49F0B308EF}.Debug|ARM.ActiveCfg = Debug|Any CPU
		{EA25E628-AB8E-4DDE-99E1-7D49F0B308EF}.Debug|ARM.Build.0 = Debug|Any CPU
		{EA25E628-AB8E-4DDE-99E1-7D49F0B308EF}.Debug|Mixed Platforms.ActiveCfg = Debug|x86
		{EA25E628-AB8E-4DDE-99E1-7D49F0B308EF}.Debug|Mixed Platforms.Build.0 = Debug|x86
		{EA25E628-AB8E-4DDE-99E1-7D49F0B308EF}.Debug|x64.ActiveCfg = Debug|x64
		{EA25E628-AB8E-4DDE-99E1-7D49F0B308EF}.Debug|x64.Build.0 = Debug|x64
		{EA25E628-AB8E-4DDE-99E1-7D49F0B308EF}.Debug|x86.ActiveCfg = Debug|x86
		{EA25E628-AB8E-4DDE-99E1-7D49F0B308EF}.Debug|x86.Build.0 = Debug|x86
		{EA25E628-AB8E-4DDE-99E1-7D49F0B308EF}.Release .NET 4|Any CPU.ActiveCfg = Release|Any CPU
		{EA25E628-AB8E-4DDE-99E1-7D49F0B308EF}.Release .NET 4|Any CPU.Build.0 = Release|Any CPU
		{EA25E628-AB8E-4DDE-99E1-7D49F0B308EF}.Release .NET 4|ARM.ActiveCfg = Release|Any CPU
		{EA25E628-AB8E-4DDE-99E1-7D49F0B308EF}.Release .NET 4|ARM.Build.0 = Release|Any CPU
		{EA25E628-AB8E-4DDE-99E1-7D49F0B308EF}.Release .NET 4|Mixed Platforms.ActiveCfg = Release|x86
		{EA25E628-AB8E-4DDE-99E1-7D49F0B308EF}.Release .NET 4|Mixed Platforms.Build.0 = Release|x86
		{EA25E628-AB8E-4DDE-99E1-7D49F0B308EF}.Release .NET 4|x64.ActiveCfg = Release|x64
		{EA25E628-AB8E-4DDE-99E1-7D49F0B308EF}.Release .NET 4|x64.Build.0 = Release|x64
		{EA25E628-AB8E-4DDE-99E1-7D49F0B308EF}.Release .NET 4|x86.ActiveCfg = Release|x86
		{EA25E628-AB8E-4DDE-99E1-7D49F0B308EF}.Release .NET 4|x86.Build.0 = Release|x86
		{EA25E628-AB8E-4DDE-99E1-7D49F0B308EF}.Release|Any CPU.ActiveCfg = Release|Any CPU
		{EA25E628-AB8E-4DDE-99E1-7D49F0B308EF}.Release|Any CPU.Build.0 = Release|Any CPU
		{EA25E628-AB8E-4DDE-99E1-7D49F0B308EF}.Release|ARM.ActiveCfg = Release|Any CPU
		{EA25E628-AB8E-4DDE-99E1-7D49F0B308EF}.Release|ARM.Build.0 = Release|Any CPU
		{EA25E628-AB8E-4DDE-99E1-7D49F0B308EF}.Release|Mixed Platforms.ActiveCfg = Release|x86
		{EA25E628-AB8E-4DDE-99E1-7D49F0B308EF}.Release|Mixed Platforms.Build.0 = Release|x86
		{EA25E628-AB8E-4DDE-99E1-7D49F0B308EF}.Release|x64.ActiveCfg = Release|x64
		{EA25E628-AB8E-4DDE-99E1-7D49F0B308EF}.Release|x64.Build.0 = Release|x64
		{EA25E628-AB8E-4DDE-99E1-7D49F0B308EF}.Release|x86.ActiveCfg = Release|x86
		{EA25E628-AB8E-4DDE-99E1-7D49F0B308EF}.Release|x86.Build.0 = Release|x86
		{B3B5B2B8-1649-4776-8024-F5F10C14E791}.Debug .NET 4|Any CPU.ActiveCfg = Debug|Any CPU
		{B3B5B2B8-1649-4776-8024-F5F10C14E791}.Debug .NET 4|Any CPU.Build.0 = Debug|Any CPU
		{B3B5B2B8-1649-4776-8024-F5F10C14E791}.Debug .NET 4|ARM.ActiveCfg = Debug|Any CPU
		{B3B5B2B8-1649-4776-8024-F5F10C14E791}.Debug .NET 4|ARM.Build.0 = Debug|Any CPU
		{B3B5B2B8-1649-4776-8024-F5F10C14E791}.Debug .NET 4|Mixed Platforms.ActiveCfg = Debug|x86
		{B3B5B2B8-1649-4776-8024-F5F10C14E791}.Debug .NET 4|Mixed Platforms.Build.0 = Debug|x86
		{B3B5B2B8-1649-4776-8024-F5F10C14E791}.Debug .NET 4|x64.ActiveCfg = Debug|x64
		{B3B5B2B8-1649-4776-8024-F5F10C14E791}.Debug .NET 4|x64.Build.0 = Debug|x64
		{B3B5B2B8-1649-4776-8024-F5F10C14E791}.Debug .NET 4|x86.ActiveCfg = Debug|x86
		{B3B5B2B8-1649-4776-8024-F5F10C14E791}.Debug .NET 4|x86.Build.0 = Debug|x86
		{B3B5B2B8-1649-4776-8024-F5F10C14E791}.Debug|Any CPU.ActiveCfg = Debug|Any CPU
		{B3B5B2B8-1649-4776-8024-F5F10C14E791}.Debug|Any CPU.Build.0 = Debug|Any CPU
		{B3B5B2B8-1649-4776-8024-F5F10C14E791}.Debug|ARM.ActiveCfg = Debug|Any CPU
		{B3B5B2B8-1649-4776-8024-F5F10C14E791}.Debug|ARM.Build.0 = Debug|Any CPU
		{B3B5B2B8-1649-4776-8024-F5F10C14E791}.Debug|Mixed Platforms.ActiveCfg = Debug|Any CPU
		{B3B5B2B8-1649-4776-8024-F5F10C14E791}.Debug|Mixed Platforms.Build.0 = Debug|Any CPU
		{B3B5B2B8-1649-4776-8024-F5F10C14E791}.Debug|x64.ActiveCfg = Debug|x64
		{B3B5B2B8-1649-4776-8024-F5F10C14E791}.Debug|x64.Build.0 = Debug|x64
		{B3B5B2B8-1649-4776-8024-F5F10C14E791}.Debug|x86.ActiveCfg = Debug|Any CPU
		{B3B5B2B8-1649-4776-8024-F5F10C14E791}.Release .NET 4|Any CPU.ActiveCfg = Release|Any CPU
		{B3B5B2B8-1649-4776-8024-F5F10C14E791}.Release .NET 4|Any CPU.Build.0 = Release|Any CPU
		{B3B5B2B8-1649-4776-8024-F5F10C14E791}.Release .NET 4|ARM.ActiveCfg = Release|Any CPU
		{B3B5B2B8-1649-4776-8024-F5F10C14E791}.Release .NET 4|ARM.Build.0 = Release|Any CPU
		{B3B5B2B8-1649-4776-8024-F5F10C14E791}.Release .NET 4|Mixed Platforms.ActiveCfg = Release|x86
		{B3B5B2B8-1649-4776-8024-F5F10C14E791}.Release .NET 4|Mixed Platforms.Build.0 = Release|x86
		{B3B5B2B8-1649-4776-8024-F5F10C14E791}.Release .NET 4|x64.ActiveCfg = Release|x64
		{B3B5B2B8-1649-4776-8024-F5F10C14E791}.Release .NET 4|x64.Build.0 = Release|x64
		{B3B5B2B8-1649-4776-8024-F5F10C14E791}.Release .NET 4|x86.ActiveCfg = Release|x86
		{B3B5B2B8-1649-4776-8024-F5F10C14E791}.Release .NET 4|x86.Build.0 = Release|x86
		{B3B5B2B8-1649-4776-8024-F5F10C14E791}.Release|Any CPU.ActiveCfg = Release|Any CPU
		{B3B5B2B8-1649-4776-8024-F5F10C14E791}.Release|Any CPU.Build.0 = Release|Any CPU
		{B3B5B2B8-1649-4776-8024-F5F10C14E791}.Release|ARM.ActiveCfg = Release|Any CPU
		{B3B5B2B8-1649-4776-8024-F5F10C14E791}.Release|ARM.Build.0 = Release|Any CPU
		{B3B5B2B8-1649-4776-8024-F5F10C14E791}.Release|Mixed Platforms.ActiveCfg = Release|Any CPU
		{B3B5B2B8-1649-4776-8024-F5F10C14E791}.Release|Mixed Platforms.Build.0 = Release|Any CPU
		{B3B5B2B8-1649-4776-8024-F5F10C14E791}.Release|x64.ActiveCfg = Release|x64
		{B3B5B2B8-1649-4776-8024-F5F10C14E791}.Release|x64.Build.0 = Release|x64
		{B3B5B2B8-1649-4776-8024-F5F10C14E791}.Release|x86.ActiveCfg = Release|x86
		{B3B5B2B8-1649-4776-8024-F5F10C14E791}.Release|x86.Build.0 = Release|x86
		{45D52764-5C45-4A81-8387-1378C30DE1A2}.Debug .NET 4|Any CPU.ActiveCfg = Debug|Any CPU
		{45D52764-5C45-4A81-8387-1378C30DE1A2}.Debug .NET 4|Any CPU.Build.0 = Debug|Any CPU
		{45D52764-5C45-4A81-8387-1378C30DE1A2}.Debug .NET 4|ARM.ActiveCfg = Debug|Any CPU
		{45D52764-5C45-4A81-8387-1378C30DE1A2}.Debug .NET 4|ARM.Build.0 = Debug|Any CPU
		{45D52764-5C45-4A81-8387-1378C30DE1A2}.Debug .NET 4|Mixed Platforms.ActiveCfg = Debug|x86
		{45D52764-5C45-4A81-8387-1378C30DE1A2}.Debug .NET 4|Mixed Platforms.Build.0 = Debug|x86
		{45D52764-5C45-4A81-8387-1378C30DE1A2}.Debug .NET 4|x64.ActiveCfg = Debug|x64
		{45D52764-5C45-4A81-8387-1378C30DE1A2}.Debug .NET 4|x64.Build.0 = Debug|x64
		{45D52764-5C45-4A81-8387-1378C30DE1A2}.Debug .NET 4|x86.ActiveCfg = Debug|x86
		{45D52764-5C45-4A81-8387-1378C30DE1A2}.Debug .NET 4|x86.Build.0 = Debug|x86
		{45D52764-5C45-4A81-8387-1378C30DE1A2}.Debug|Any CPU.ActiveCfg = Debug|Any CPU
		{45D52764-5C45-4A81-8387-1378C30DE1A2}.Debug|Any CPU.Build.0 = Debug|Any CPU
		{45D52764-5C45-4A81-8387-1378C30DE1A2}.Debug|ARM.ActiveCfg = Debug|Any CPU
		{45D52764-5C45-4A81-8387-1378C30DE1A2}.Debug|ARM.Build.0 = Debug|Any CPU
		{45D52764-5C45-4A81-8387-1378C30DE1A2}.Debug|Mixed Platforms.ActiveCfg = Debug|Any CPU
		{45D52764-5C45-4A81-8387-1378C30DE1A2}.Debug|Mixed Platforms.Build.0 = Debug|Any CPU
		{45D52764-5C45-4A81-8387-1378C30DE1A2}.Debug|x64.ActiveCfg = Debug|x64
		{45D52764-5C45-4A81-8387-1378C30DE1A2}.Debug|x64.Build.0 = Debug|x64
		{45D52764-5C45-4A81-8387-1378C30DE1A2}.Debug|x86.ActiveCfg = Debug|Any CPU
		{45D52764-5C45-4A81-8387-1378C30DE1A2}.Release .NET 4|Any CPU.ActiveCfg = Release|Any CPU
		{45D52764-5C45-4A81-8387-1378C30DE1A2}.Release .NET 4|Any CPU.Build.0 = Release|Any CPU
		{45D52764-5C45-4A81-8387-1378C30DE1A2}.Release .NET 4|ARM.ActiveCfg = Release|Any CPU
		{45D52764-5C45-4A81-8387-1378C30DE1A2}.Release .NET 4|ARM.Build.0 = Release|Any CPU
		{45D52764-5C45-4A81-8387-1378C30DE1A2}.Release .NET 4|Mixed Platforms.ActiveCfg = Release|x86
		{45D52764-5C45-4A81-8387-1378C30DE1A2}.Release .NET 4|Mixed Platforms.Build.0 = Release|x86
		{45D52764-5C45-4A81-8387-1378C30DE1A2}.Release .NET 4|x64.ActiveCfg = Release|x64
		{45D52764-5C45-4A81-8387-1378C30DE1A2}.Release .NET 4|x64.Build.0 = Release|x64
		{45D52764-5C45-4A81-8387-1378C30DE1A2}.Release .NET 4|x86.ActiveCfg = Release|x86
		{45D52764-5C45-4A81-8387-1378C30DE1A2}.Release .NET 4|x86.Build.0 = Release|x86
		{45D52764-5C45-4A81-8387-1378C30DE1A2}.Release|Any CPU.ActiveCfg = Release|Any CPU
		{45D52764-5C45-4A81-8387-1378C30DE1A2}.Release|Any CPU.Build.0 = Release|Any CPU
		{45D52764-5C45-4A81-8387-1378C30DE1A2}.Release|ARM.ActiveCfg = Release|Any CPU
		{45D52764-5C45-4A81-8387-1378C30DE1A2}.Release|ARM.Build.0 = Release|Any CPU
		{45D52764-5C45-4A81-8387-1378C30DE1A2}.Release|Mixed Platforms.ActiveCfg = Release|Any CPU
		{45D52764-5C45-4A81-8387-1378C30DE1A2}.Release|Mixed Platforms.Build.0 = Release|Any CPU
		{45D52764-5C45-4A81-8387-1378C30DE1A2}.Release|x64.ActiveCfg = Release|x64
		{45D52764-5C45-4A81-8387-1378C30DE1A2}.Release|x64.Build.0 = Release|x64
		{45D52764-5C45-4A81-8387-1378C30DE1A2}.Release|x86.ActiveCfg = Release|x86
		{45D52764-5C45-4A81-8387-1378C30DE1A2}.Release|x86.Build.0 = Release|x86
		{72F6D099-1C1B-40F7-BEE2-FBB272D19D65}.Debug .NET 4|Any CPU.ActiveCfg = Debug|Any CPU
		{72F6D099-1C1B-40F7-BEE2-FBB272D19D65}.Debug .NET 4|Any CPU.Build.0 = Debug|Any CPU
		{72F6D099-1C1B-40F7-BEE2-FBB272D19D65}.Debug .NET 4|ARM.ActiveCfg = Debug|Any CPU
		{72F6D099-1C1B-40F7-BEE2-FBB272D19D65}.Debug .NET 4|ARM.Build.0 = Debug|Any CPU
		{72F6D099-1C1B-40F7-BEE2-FBB272D19D65}.Debug .NET 4|Mixed Platforms.ActiveCfg = Debug|x86
		{72F6D099-1C1B-40F7-BEE2-FBB272D19D65}.Debug .NET 4|Mixed Platforms.Build.0 = Debug|x86
		{72F6D099-1C1B-40F7-BEE2-FBB272D19D65}.Debug .NET 4|x64.ActiveCfg = Debug|x64
		{72F6D099-1C1B-40F7-BEE2-FBB272D19D65}.Debug .NET 4|x64.Build.0 = Debug|x64
		{72F6D099-1C1B-40F7-BEE2-FBB272D19D65}.Debug .NET 4|x86.ActiveCfg = Debug|x86
		{72F6D099-1C1B-40F7-BEE2-FBB272D19D65}.Debug .NET 4|x86.Build.0 = Debug|x86
		{72F6D099-1C1B-40F7-BEE2-FBB272D19D65}.Debug|Any CPU.ActiveCfg = Debug|Any CPU
		{72F6D099-1C1B-40F7-BEE2-FBB272D19D65}.Debug|Any CPU.Build.0 = Debug|Any CPU
		{72F6D099-1C1B-40F7-BEE2-FBB272D19D65}.Debug|ARM.ActiveCfg = Debug|Any CPU
		{72F6D099-1C1B-40F7-BEE2-FBB272D19D65}.Debug|ARM.Build.0 = Debug|Any CPU
		{72F6D099-1C1B-40F7-BEE2-FBB272D19D65}.Debug|Mixed Platforms.ActiveCfg = Debug|Any CPU
		{72F6D099-1C1B-40F7-BEE2-FBB272D19D65}.Debug|Mixed Platforms.Build.0 = Debug|Any CPU
		{72F6D099-1C1B-40F7-BEE2-FBB272D19D65}.Debug|x64.ActiveCfg = Debug|x64
		{72F6D099-1C1B-40F7-BEE2-FBB272D19D65}.Debug|x64.Build.0 = Debug|x64
		{72F6D099-1C1B-40F7-BEE2-FBB272D19D65}.Debug|x86.ActiveCfg = Debug|Any CPU
		{72F6D099-1C1B-40F7-BEE2-FBB272D19D65}.Debug|x86.Build.0 = Debug|Any CPU
		{72F6D099-1C1B-40F7-BEE2-FBB272D19D65}.Release .NET 4|Any CPU.ActiveCfg = Release|Any CPU
		{72F6D099-1C1B-40F7-BEE2-FBB272D19D65}.Release .NET 4|Any CPU.Build.0 = Release|Any CPU
		{72F6D099-1C1B-40F7-BEE2-FBB272D19D65}.Release .NET 4|ARM.ActiveCfg = Release|Any CPU
		{72F6D099-1C1B-40F7-BEE2-FBB272D19D65}.Release .NET 4|ARM.Build.0 = Release|Any CPU
		{72F6D099-1C1B-40F7-BEE2-FBB272D19D65}.Release .NET 4|Mixed Platforms.ActiveCfg = Release|x86
		{72F6D099-1C1B-40F7-BEE2-FBB272D19D65}.Release .NET 4|Mixed Platforms.Build.0 = Release|x86
		{72F6D099-1C1B-40F7-BEE2-FBB272D19D65}.Release .NET 4|x64.ActiveCfg = Release|x64
		{72F6D099-1C1B-40F7-BEE2-FBB272D19D65}.Release .NET 4|x64.Build.0 = Release|x64
		{72F6D099-1C1B-40F7-BEE2-FBB272D19D65}.Release .NET 4|x86.ActiveCfg = Release|x86
		{72F6D099-1C1B-40F7-BEE2-FBB272D19D65}.Release .NET 4|x86.Build.0 = Release|x86
		{72F6D099-1C1B-40F7-BEE2-FBB272D19D65}.Release|Any CPU.ActiveCfg = Release|Any CPU
		{72F6D099-1C1B-40F7-BEE2-FBB272D19D65}.Release|Any CPU.Build.0 = Release|Any CPU
		{72F6D099-1C1B-40F7-BEE2-FBB272D19D65}.Release|ARM.ActiveCfg = Release|Any CPU
		{72F6D099-1C1B-40F7-BEE2-FBB272D19D65}.Release|ARM.Build.0 = Release|Any CPU
		{72F6D099-1C1B-40F7-BEE2-FBB272D19D65}.Release|Mixed Platforms.ActiveCfg = Release|Any CPU
		{72F6D099-1C1B-40F7-BEE2-FBB272D19D65}.Release|Mixed Platforms.Build.0 = Release|Any CPU
		{72F6D099-1C1B-40F7-BEE2-FBB272D19D65}.Release|x64.ActiveCfg = Release|x64
		{72F6D099-1C1B-40F7-BEE2-FBB272D19D65}.Release|x64.Build.0 = Release|x64
		{72F6D099-1C1B-40F7-BEE2-FBB272D19D65}.Release|x86.ActiveCfg = Release|x86
		{72F6D099-1C1B-40F7-BEE2-FBB272D19D65}.Release|x86.Build.0 = Release|x86
		{340D26A3-5094-42F4-8B28-24D4CA5C03D2}.Debug .NET 4|Any CPU.ActiveCfg = Debug|Any CPU
		{340D26A3-5094-42F4-8B28-24D4CA5C03D2}.Debug .NET 4|Any CPU.Build.0 = Debug|Any CPU
		{340D26A3-5094-42F4-8B28-24D4CA5C03D2}.Debug .NET 4|ARM.ActiveCfg = Debug|Any CPU
		{340D26A3-5094-42F4-8B28-24D4CA5C03D2}.Debug .NET 4|ARM.Build.0 = Debug|Any CPU
		{340D26A3-5094-42F4-8B28-24D4CA5C03D2}.Debug .NET 4|Mixed Platforms.ActiveCfg = Debug|Any CPU
		{340D26A3-5094-42F4-8B28-24D4CA5C03D2}.Debug .NET 4|Mixed Platforms.Build.0 = Debug|Any CPU
		{340D26A3-5094-42F4-8B28-24D4CA5C03D2}.Debug .NET 4|x64.ActiveCfg = Debug|x64
		{340D26A3-5094-42F4-8B28-24D4CA5C03D2}.Debug .NET 4|x64.Build.0 = Debug|x64
		{340D26A3-5094-42F4-8B28-24D4CA5C03D2}.Debug .NET 4|x86.ActiveCfg = Debug|Any CPU
		{340D26A3-5094-42F4-8B28-24D4CA5C03D2}.Debug .NET 4|x86.Build.0 = Debug|Any CPU
		{340D26A3-5094-42F4-8B28-24D4CA5C03D2}.Debug|Any CPU.ActiveCfg = Debug|Any CPU
		{340D26A3-5094-42F4-8B28-24D4CA5C03D2}.Debug|Any CPU.Build.0 = Debug|Any CPU
		{340D26A3-5094-42F4-8B28-24D4CA5C03D2}.Debug|ARM.ActiveCfg = Debug|Any CPU
		{340D26A3-5094-42F4-8B28-24D4CA5C03D2}.Debug|ARM.Build.0 = Debug|Any CPU
		{340D26A3-5094-42F4-8B28-24D4CA5C03D2}.Debug|Mixed Platforms.ActiveCfg = Debug|Any CPU
		{340D26A3-5094-42F4-8B28-24D4CA5C03D2}.Debug|Mixed Platforms.Build.0 = Debug|Any CPU
		{340D26A3-5094-42F4-8B28-24D4CA5C03D2}.Debug|x64.ActiveCfg = Debug|x64
		{340D26A3-5094-42F4-8B28-24D4CA5C03D2}.Debug|x64.Build.0 = Debug|x64
		{340D26A3-5094-42F4-8B28-24D4CA5C03D2}.Debug|x86.ActiveCfg = Debug|Any CPU
		{340D26A3-5094-42F4-8B28-24D4CA5C03D2}.Debug|x86.Build.0 = Debug|Any CPU
		{340D26A3-5094-42F4-8B28-24D4CA5C03D2}.Release .NET 4|Any CPU.ActiveCfg = Release|Any CPU
		{340D26A3-5094-42F4-8B28-24D4CA5C03D2}.Release .NET 4|Any CPU.Build.0 = Release|Any CPU
		{340D26A3-5094-42F4-8B28-24D4CA5C03D2}.Release .NET 4|ARM.ActiveCfg = Release|Any CPU
		{340D26A3-5094-42F4-8B28-24D4CA5C03D2}.Release .NET 4|ARM.Build.0 = Release|Any CPU
		{340D26A3-5094-42F4-8B28-24D4CA5C03D2}.Release .NET 4|Mixed Platforms.ActiveCfg = Release|Any CPU
		{340D26A3-5094-42F4-8B28-24D4CA5C03D2}.Release .NET 4|Mixed Platforms.Build.0 = Release|Any CPU
		{340D26A3-5094-42F4-8B28-24D4CA5C03D2}.Release .NET 4|x64.ActiveCfg = Release|x64
		{340D26A3-5094-42F4-8B28-24D4CA5C03D2}.Release .NET 4|x64.Build.0 = Release|x64
		{340D26A3-5094-42F4-8B28-24D4CA5C03D2}.Release .NET 4|x86.ActiveCfg = Release|Any CPU
		{340D26A3-5094-42F4-8B28-24D4CA5C03D2}.Release .NET 4|x86.Build.0 = Release|Any CPU
		{340D26A3-5094-42F4-8B28-24D4CA5C03D2}.Release|Any CPU.ActiveCfg = Release|Any CPU
		{340D26A3-5094-42F4-8B28-24D4CA5C03D2}.Release|Any CPU.Build.0 = Release|Any CPU
		{340D26A3-5094-42F4-8B28-24D4CA5C03D2}.Release|ARM.ActiveCfg = Release|Any CPU
		{340D26A3-5094-42F4-8B28-24D4CA5C03D2}.Release|ARM.Build.0 = Release|Any CPU
		{340D26A3-5094-42F4-8B28-24D4CA5C03D2}.Release|Mixed Platforms.ActiveCfg = Release|Any CPU
		{340D26A3-5094-42F4-8B28-24D4CA5C03D2}.Release|Mixed Platforms.Build.0 = Release|Any CPU
		{340D26A3-5094-42F4-8B28-24D4CA5C03D2}.Release|x64.ActiveCfg = Release|x64
		{340D26A3-5094-42F4-8B28-24D4CA5C03D2}.Release|x64.Build.0 = Release|x64
		{340D26A3-5094-42F4-8B28-24D4CA5C03D2}.Release|x86.ActiveCfg = Release|Any CPU
		{340D26A3-5094-42F4-8B28-24D4CA5C03D2}.Release|x86.Build.0 = Release|Any CPU
		{2A39F946-CC69-4082-A564-3400EF841E9D}.Debug .NET 4|Any CPU.ActiveCfg = Debug|Any CPU
		{2A39F946-CC69-4082-A564-3400EF841E9D}.Debug .NET 4|Any CPU.Build.0 = Debug|Any CPU
		{2A39F946-CC69-4082-A564-3400EF841E9D}.Debug .NET 4|ARM.ActiveCfg = Debug|Any CPU
		{2A39F946-CC69-4082-A564-3400EF841E9D}.Debug .NET 4|ARM.Build.0 = Debug|Any CPU
		{2A39F946-CC69-4082-A564-3400EF841E9D}.Debug .NET 4|Mixed Platforms.ActiveCfg = Debug|Any CPU
		{2A39F946-CC69-4082-A564-3400EF841E9D}.Debug .NET 4|Mixed Platforms.Build.0 = Debug|Any CPU
		{2A39F946-CC69-4082-A564-3400EF841E9D}.Debug .NET 4|x64.ActiveCfg = Debug|x64
		{2A39F946-CC69-4082-A564-3400EF841E9D}.Debug .NET 4|x64.Build.0 = Debug|x64
		{2A39F946-CC69-4082-A564-3400EF841E9D}.Debug .NET 4|x86.ActiveCfg = Debug|Any CPU
		{2A39F946-CC69-4082-A564-3400EF841E9D}.Debug .NET 4|x86.Build.0 = Debug|Any CPU
		{2A39F946-CC69-4082-A564-3400EF841E9D}.Debug|Any CPU.ActiveCfg = Debug|Any CPU
		{2A39F946-CC69-4082-A564-3400EF841E9D}.Debug|Any CPU.Build.0 = Debug|Any CPU
		{2A39F946-CC69-4082-A564-3400EF841E9D}.Debug|ARM.ActiveCfg = Debug|Any CPU
		{2A39F946-CC69-4082-A564-3400EF841E9D}.Debug|ARM.Build.0 = Debug|Any CPU
		{2A39F946-CC69-4082-A564-3400EF841E9D}.Debug|Mixed Platforms.ActiveCfg = Debug|Any CPU
		{2A39F946-CC69-4082-A564-3400EF841E9D}.Debug|Mixed Platforms.Build.0 = Debug|Any CPU
		{2A39F946-CC69-4082-A564-3400EF841E9D}.Debug|x64.ActiveCfg = Debug|x64
		{2A39F946-CC69-4082-A564-3400EF841E9D}.Debug|x64.Build.0 = Debug|x64
		{2A39F946-CC69-4082-A564-3400EF841E9D}.Debug|x86.ActiveCfg = Debug|Any CPU
		{2A39F946-CC69-4082-A564-3400EF841E9D}.Debug|x86.Build.0 = Debug|Any CPU
		{2A39F946-CC69-4082-A564-3400EF841E9D}.Release .NET 4|Any CPU.ActiveCfg = Release|Any CPU
		{2A39F946-CC69-4082-A564-3400EF841E9D}.Release .NET 4|Any CPU.Build.0 = Release|Any CPU
		{2A39F946-CC69-4082-A564-3400EF841E9D}.Release .NET 4|ARM.ActiveCfg = Release|Any CPU
		{2A39F946-CC69-4082-A564-3400EF841E9D}.Release .NET 4|ARM.Build.0 = Release|Any CPU
		{2A39F946-CC69-4082-A564-3400EF841E9D}.Release .NET 4|Mixed Platforms.ActiveCfg = Release|Any CPU
		{2A39F946-CC69-4082-A564-3400EF841E9D}.Release .NET 4|Mixed Platforms.Build.0 = Release|Any CPU
		{2A39F946-CC69-4082-A564-3400EF841E9D}.Release .NET 4|x64.ActiveCfg = Release|x64
		{2A39F946-CC69-4082-A564-3400EF841E9D}.Release .NET 4|x64.Build.0 = Release|x64
		{2A39F946-CC69-4082-A564-3400EF841E9D}.Release .NET 4|x86.ActiveCfg = Release|Any CPU
		{2A39F946-CC69-4082-A564-3400EF841E9D}.Release .NET 4|x86.Build.0 = Release|Any CPU
		{2A39F946-CC69-4082-A564-3400EF841E9D}.Release|Any CPU.ActiveCfg = Release|Any CPU
		{2A39F946-CC69-4082-A564-3400EF841E9D}.Release|Any CPU.Build.0 = Release|Any CPU
		{2A39F946-CC69-4082-A564-3400EF841E9D}.Release|ARM.ActiveCfg = Release|Any CPU
		{2A39F946-CC69-4082-A564-3400EF841E9D}.Release|ARM.Build.0 = Release|Any CPU
		{2A39F946-CC69-4082-A564-3400EF841E9D}.Release|Mixed Platforms.ActiveCfg = Release|Any CPU
		{2A39F946-CC69-4082-A564-3400EF841E9D}.Release|Mixed Platforms.Build.0 = Release|Any CPU
		{2A39F946-CC69-4082-A564-3400EF841E9D}.Release|x64.ActiveCfg = Release|x64
		{2A39F946-CC69-4082-A564-3400EF841E9D}.Release|x64.Build.0 = Release|x64
		{2A39F946-CC69-4082-A564-3400EF841E9D}.Release|x86.ActiveCfg = Release|Any CPU
		{2A39F946-CC69-4082-A564-3400EF841E9D}.Release|x86.Build.0 = Release|Any CPU
		{172EE3A5-3456-4CB0-B8E2-5F6E76B4806A}.Debug .NET 4|Any CPU.ActiveCfg = Debug|Any CPU
		{172EE3A5-3456-4CB0-B8E2-5F6E76B4806A}.Debug .NET 4|Any CPU.Build.0 = Debug|Any CPU
		{172EE3A5-3456-4CB0-B8E2-5F6E76B4806A}.Debug .NET 4|ARM.ActiveCfg = Debug|Any CPU
		{172EE3A5-3456-4CB0-B8E2-5F6E76B4806A}.Debug .NET 4|ARM.Build.0 = Debug|Any CPU
		{172EE3A5-3456-4CB0-B8E2-5F6E76B4806A}.Debug .NET 4|Mixed Platforms.ActiveCfg = Debug|Any CPU
		{172EE3A5-3456-4CB0-B8E2-5F6E76B4806A}.Debug .NET 4|Mixed Platforms.Build.0 = Debug|Any CPU
		{172EE3A5-3456-4CB0-B8E2-5F6E76B4806A}.Debug .NET 4|x64.ActiveCfg = Debug|x64
		{172EE3A5-3456-4CB0-B8E2-5F6E76B4806A}.Debug .NET 4|x64.Build.0 = Debug|x64
		{172EE3A5-3456-4CB0-B8E2-5F6E76B4806A}.Debug .NET 4|x86.ActiveCfg = Debug|Any CPU
		{172EE3A5-3456-4CB0-B8E2-5F6E76B4806A}.Debug .NET 4|x86.Build.0 = Debug|Any CPU
		{172EE3A5-3456-4CB0-B8E2-5F6E76B4806A}.Debug|Any CPU.ActiveCfg = Debug|Any CPU
		{172EE3A5-3456-4CB0-B8E2-5F6E76B4806A}.Debug|Any CPU.Build.0 = Debug|Any CPU
		{172EE3A5-3456-4CB0-B8E2-5F6E76B4806A}.Debug|ARM.ActiveCfg = Debug|Any CPU
		{172EE3A5-3456-4CB0-B8E2-5F6E76B4806A}.Debug|ARM.Build.0 = Debug|Any CPU
		{172EE3A5-3456-4CB0-B8E2-5F6E76B4806A}.Debug|Mixed Platforms.ActiveCfg = Debug|Any CPU
		{172EE3A5-3456-4CB0-B8E2-5F6E76B4806A}.Debug|Mixed Platforms.Build.0 = Debug|Any CPU
		{172EE3A5-3456-4CB0-B8E2-5F6E76B4806A}.Debug|x64.ActiveCfg = Debug|x64
		{172EE3A5-3456-4CB0-B8E2-5F6E76B4806A}.Debug|x64.Build.0 = Debug|x64
		{172EE3A5-3456-4CB0-B8E2-5F6E76B4806A}.Debug|x86.ActiveCfg = Debug|Any CPU
		{172EE3A5-3456-4CB0-B8E2-5F6E76B4806A}.Debug|x86.Build.0 = Debug|Any CPU
		{172EE3A5-3456-4CB0-B8E2-5F6E76B4806A}.Release .NET 4|Any CPU.ActiveCfg = Release|Any CPU
		{172EE3A5-3456-4CB0-B8E2-5F6E76B4806A}.Release .NET 4|Any CPU.Build.0 = Release|Any CPU
		{172EE3A5-3456-4CB0-B8E2-5F6E76B4806A}.Release .NET 4|ARM.ActiveCfg = Release|Any CPU
		{172EE3A5-3456-4CB0-B8E2-5F6E76B4806A}.Release .NET 4|ARM.Build.0 = Release|Any CPU
		{172EE3A5-3456-4CB0-B8E2-5F6E76B4806A}.Release .NET 4|Mixed Platforms.ActiveCfg = Release|Any CPU
		{172EE3A5-3456-4CB0-B8E2-5F6E76B4806A}.Release .NET 4|Mixed Platforms.Build.0 = Release|Any CPU
		{172EE3A5-3456-4CB0-B8E2-5F6E76B4806A}.Release .NET 4|x64.ActiveCfg = Release|x64
		{172EE3A5-3456-4CB0-B8E2-5F6E76B4806A}.Release .NET 4|x64.Build.0 = Release|x64
		{172EE3A5-3456-4CB0-B8E2-5F6E76B4806A}.Release .NET 4|x86.ActiveCfg = Release|Any CPU
		{172EE3A5-3456-4CB0-B8E2-5F6E76B4806A}.Release .NET 4|x86.Build.0 = Release|Any CPU
		{172EE3A5-3456-4CB0-B8E2-5F6E76B4806A}.Release|Any CPU.ActiveCfg = Release|Any CPU
		{172EE3A5-3456-4CB0-B8E2-5F6E76B4806A}.Release|Any CPU.Build.0 = Release|Any CPU
		{172EE3A5-3456-4CB0-B8E2-5F6E76B4806A}.Release|ARM.ActiveCfg = Release|Any CPU
		{172EE3A5-3456-4CB0-B8E2-5F6E76B4806A}.Release|ARM.Build.0 = Release|Any CPU
		{172EE3A5-3456-4CB0-B8E2-5F6E76B4806A}.Release|Mixed Platforms.ActiveCfg = Release|Any CPU
		{172EE3A5-3456-4CB0-B8E2-5F6E76B4806A}.Release|Mixed Platforms.Build.0 = Release|Any CPU
		{172EE3A5-3456-4CB0-B8E2-5F6E76B4806A}.Release|x64.ActiveCfg = Release|x64
		{172EE3A5-3456-4CB0-B8E2-5F6E76B4806A}.Release|x64.Build.0 = Release|x64
		{172EE3A5-3456-4CB0-B8E2-5F6E76B4806A}.Release|x86.ActiveCfg = Release|Any CPU
		{172EE3A5-3456-4CB0-B8E2-5F6E76B4806A}.Release|x86.Build.0 = Release|Any CPU
		{D8A08827-078A-4416-8EE0-AB984611CEB3}.Debug .NET 4|Any CPU.ActiveCfg = Debug|Any CPU
		{D8A08827-078A-4416-8EE0-AB984611CEB3}.Debug .NET 4|Any CPU.Build.0 = Debug|Any CPU
		{D8A08827-078A-4416-8EE0-AB984611CEB3}.Debug .NET 4|ARM.ActiveCfg = Debug|Any CPU
		{D8A08827-078A-4416-8EE0-AB984611CEB3}.Debug .NET 4|ARM.Build.0 = Debug|Any CPU
		{D8A08827-078A-4416-8EE0-AB984611CEB3}.Debug .NET 4|Mixed Platforms.ActiveCfg = Debug|Any CPU
		{D8A08827-078A-4416-8EE0-AB984611CEB3}.Debug .NET 4|Mixed Platforms.Build.0 = Debug|Any CPU
		{D8A08827-078A-4416-8EE0-AB984611CEB3}.Debug .NET 4|x64.ActiveCfg = Debug|Any CPU
		{D8A08827-078A-4416-8EE0-AB984611CEB3}.Debug .NET 4|x64.Build.0 = Debug|Any CPU
		{D8A08827-078A-4416-8EE0-AB984611CEB3}.Debug .NET 4|x86.ActiveCfg = Debug|Any CPU
		{D8A08827-078A-4416-8EE0-AB984611CEB3}.Debug .NET 4|x86.Build.0 = Debug|Any CPU
		{D8A08827-078A-4416-8EE0-AB984611CEB3}.Debug|Any CPU.ActiveCfg = Debug|Any CPU
		{D8A08827-078A-4416-8EE0-AB984611CEB3}.Debug|Any CPU.Build.0 = Debug|Any CPU
		{D8A08827-078A-4416-8EE0-AB984611CEB3}.Debug|ARM.ActiveCfg = Debug|Any CPU
		{D8A08827-078A-4416-8EE0-AB984611CEB3}.Debug|ARM.Build.0 = Debug|Any CPU
		{D8A08827-078A-4416-8EE0-AB984611CEB3}.Debug|Mixed Platforms.ActiveCfg = Debug|Any CPU
		{D8A08827-078A-4416-8EE0-AB984611CEB3}.Debug|Mixed Platforms.Build.0 = Debug|Any CPU
		{D8A08827-078A-4416-8EE0-AB984611CEB3}.Debug|x64.ActiveCfg = Debug|Any CPU
		{D8A08827-078A-4416-8EE0-AB984611CEB3}.Debug|x64.Build.0 = Debug|Any CPU
		{D8A08827-078A-4416-8EE0-AB984611CEB3}.Debug|x86.ActiveCfg = Debug|Any CPU
		{D8A08827-078A-4416-8EE0-AB984611CEB3}.Debug|x86.Build.0 = Debug|Any CPU
		{D8A08827-078A-4416-8EE0-AB984611CEB3}.Release .NET 4|Any CPU.ActiveCfg = Release|Any CPU
		{D8A08827-078A-4416-8EE0-AB984611CEB3}.Release .NET 4|Any CPU.Build.0 = Release|Any CPU
		{D8A08827-078A-4416-8EE0-AB984611CEB3}.Release .NET 4|ARM.ActiveCfg = Release|Any CPU
		{D8A08827-078A-4416-8EE0-AB984611CEB3}.Release .NET 4|ARM.Build.0 = Release|Any CPU
		{D8A08827-078A-4416-8EE0-AB984611CEB3}.Release .NET 4|Mixed Platforms.ActiveCfg = Release|Any CPU
		{D8A08827-078A-4416-8EE0-AB984611CEB3}.Release .NET 4|Mixed Platforms.Build.0 = Release|Any CPU
		{D8A08827-078A-4416-8EE0-AB984611CEB3}.Release .NET 4|x64.ActiveCfg = Release|Any CPU
		{D8A08827-078A-4416-8EE0-AB984611CEB3}.Release .NET 4|x64.Build.0 = Release|Any CPU
		{D8A08827-078A-4416-8EE0-AB984611CEB3}.Release .NET 4|x86.ActiveCfg = Release|Any CPU
		{D8A08827-078A-4416-8EE0-AB984611CEB3}.Release .NET 4|x86.Build.0 = Release|Any CPU
		{D8A08827-078A-4416-8EE0-AB984611CEB3}.Release|Any CPU.ActiveCfg = Release|Any CPU
		{D8A08827-078A-4416-8EE0-AB984611CEB3}.Release|Any CPU.Build.0 = Release|Any CPU
		{D8A08827-078A-4416-8EE0-AB984611CEB3}.Release|ARM.ActiveCfg = Release|Any CPU
		{D8A08827-078A-4416-8EE0-AB984611CEB3}.Release|ARM.Build.0 = Release|Any CPU
		{D8A08827-078A-4416-8EE0-AB984611CEB3}.Release|Mixed Platforms.ActiveCfg = Release|Any CPU
		{D8A08827-078A-4416-8EE0-AB984611CEB3}.Release|Mixed Platforms.Build.0 = Release|Any CPU
		{D8A08827-078A-4416-8EE0-AB984611CEB3}.Release|x64.ActiveCfg = Release|Any CPU
		{D8A08827-078A-4416-8EE0-AB984611CEB3}.Release|x64.Build.0 = Release|Any CPU
		{D8A08827-078A-4416-8EE0-AB984611CEB3}.Release|x86.ActiveCfg = Release|Any CPU
		{D8A08827-078A-4416-8EE0-AB984611CEB3}.Release|x86.Build.0 = Release|Any CPU
	EndGlobalSection
	GlobalSection(SolutionProperties) = preSolution
		HideSolutionNode = FALSE
	EndGlobalSection
	GlobalSection(ExtensibilityGlobals) = postSolution
		SolutionGuid = {984CCFEF-88F5-4CDC-BE58-AC5E14CB6A65}
	EndGlobalSection
EndGlobal
